// !$*UTF8*$!
{
	archiveVersion = 1;
	classes = {
	};
	objectVersion = 46;
	objects = {

/* Begin PBXBuildFile section */
		430551301C2FE88300F4B065 /* EntryListTableViewCell.swift in Sources */ = {isa = PBXBuildFile; fileRef = 4305512E1C2FE88300F4B065 /* EntryListTableViewCell.swift */; };
		430551311C2FE88300F4B065 /* EntryListTableViewCell.xib in Resources */ = {isa = PBXBuildFile; fileRef = 4305512F1C2FE88300F4B065 /* EntryListTableViewCell.xib */; };
		4354B1531C2EB0D800A6E1C2 /* AppDelegate.swift in Sources */ = {isa = PBXBuildFile; fileRef = 4354B1521C2EB0D800A6E1C2 /* AppDelegate.swift */; };
		4354B1581C2EB0D800A6E1C2 /* Main.storyboard in Resources */ = {isa = PBXBuildFile; fileRef = 4354B1561C2EB0D800A6E1C2 /* Main.storyboard */; };
		4354B15A1C2EB0D800A6E1C2 /* Assets.xcassets in Resources */ = {isa = PBXBuildFile; fileRef = 4354B1591C2EB0D800A6E1C2 /* Assets.xcassets */; };
		4354B15D1C2EB0D800A6E1C2 /* LaunchScreen.storyboard in Resources */ = {isa = PBXBuildFile; fileRef = 4354B15B1C2EB0D800A6E1C2 /* LaunchScreen.storyboard */; };
		437705761C2EB5F700E32781 /* CategoryEntity.swift in Sources */ = {isa = PBXBuildFile; fileRef = 437705751C2EB5F700E32781 /* CategoryEntity.swift */; };
		437705781C2EB68E00E32781 /* CalendarEntity.swift in Sources */ = {isa = PBXBuildFile; fileRef = 437705771C2EB68E00E32781 /* CalendarEntity.swift */; };
		4377057A1C2EBA6900E32781 /* EntryEntity.swift in Sources */ = {isa = PBXBuildFile; fileRef = 437705791C2EBA6900E32781 /* EntryEntity.swift */; };
		4377057C1C2EBD8400E32781 /* CategoryFetcher.swift in Sources */ = {isa = PBXBuildFile; fileRef = 4377057B1C2EBD8400E32781 /* CategoryFetcher.swift */; };
		4377058C1C2EC07700E32781 /* CategoryFetcherTests.swift in Sources */ = {isa = PBXBuildFile; fileRef = 4377058B1C2EC07700E32781 /* CategoryFetcherTests.swift */; };
		4377058E1C2ED26900E32781 /* CalendarFetcher.swift in Sources */ = {isa = PBXBuildFile; fileRef = 4377058D1C2ED26900E32781 /* CalendarFetcher.swift */; };
		437705921C2EDC3100E32781 /* CalendarFetcherTests.swift in Sources */ = {isa = PBXBuildFile; fileRef = 437705911C2EDC3100E32781 /* CalendarFetcherTests.swift */; };
		437705941C2EEC3000E32781 /* EntryFetcher.swift in Sources */ = {isa = PBXBuildFile; fileRef = 437705931C2EEC3000E32781 /* EntryFetcher.swift */; };
		437705961C2EECF300E32781 /* EntryFetcherTests.swift in Sources */ = {isa = PBXBuildFile; fileRef = 437705951C2EECF300E32781 /* EntryFetcherTests.swift */; };
		437705981C2F073B00E32781 /* CategoryViewController.swift in Sources */ = {isa = PBXBuildFile; fileRef = 437705971C2F073B00E32781 /* CategoryViewController.swift */; };
		4377059A1C2F0B1E00E32781 /* CalendarViewController.swift in Sources */ = {isa = PBXBuildFile; fileRef = 437705991C2F0B1E00E32781 /* CalendarViewController.swift */; };
		4377059C1C2F0B4700E32781 /* EntryListViewController.swift in Sources */ = {isa = PBXBuildFile; fileRef = 4377059B1C2F0B4700E32781 /* EntryListViewController.swift */; };
		4377059E1C2F14E200E32781 /* EntryWebViewController.swift in Sources */ = {isa = PBXBuildFile; fileRef = 4377059D1C2F14E200E32781 /* EntryWebViewController.swift */; };
		437705A01C2F927C00E32781 /* YearSelectViewController.swift in Sources */ = {isa = PBXBuildFile; fileRef = 4377059F1C2F927C00E32781 /* YearSelectViewController.swift */; };
		437705A21C2F961600E32781 /* YearFetcher.swift in Sources */ = {isa = PBXBuildFile; fileRef = 437705A11C2F961600E32781 /* YearFetcher.swift */; };
		661898533B540A1E76C9BAF0 /* Pods_QiitaAdventCalendar.framework in Frameworks */ = {isa = PBXBuildFile; fileRef = 6D090C8D7C27D9EA9B4592CE /* Pods_QiitaAdventCalendar.framework */; };
		8230976B1F08CAC60081E16A /* YearListTableViewCell.swift in Sources */ = {isa = PBXBuildFile; fileRef = 823097691F08CAC60081E16A /* YearListTableViewCell.swift */; };
		8230976C1F08CAC60081E16A /* YearListTableViewCell.xib in Resources */ = {isa = PBXBuildFile; fileRef = 8230976A1F08CAC60081E16A /* YearListTableViewCell.xib */; };
		82EA6C0D1F0894A8008A5DA7 /* YearManagerTests.swift in Sources */ = {isa = PBXBuildFile; fileRef = 82EA6C0C1F0894A8008A5DA7 /* YearManagerTests.swift */; };
		82EA6C111F08A425008A5DA7 /* YearEntity.swift in Sources */ = {isa = PBXBuildFile; fileRef = 82EA6C101F08A425008A5DA7 /* YearEntity.swift */; };
/* End PBXBuildFile section */

/* Begin PBXContainerItemProxy section */
		437705861C2EC03600E32781 /* PBXContainerItemProxy */ = {
			isa = PBXContainerItemProxy;
			containerPortal = 4354B1471C2EB0D800A6E1C2 /* Project object */;
			proxyType = 1;
			remoteGlobalIDString = 4354B14E1C2EB0D800A6E1C2;
			remoteInfo = QiitaAdventCalendar;
		};
/* End PBXContainerItemProxy section */

/* Begin PBXFileReference section */
		1362181DA43F7A1979E986A6 /* Pods-QiitaAdventCalendar.debug.xcconfig */ = {isa = PBXFileReference; includeInIndex = 1; lastKnownFileType = text.xcconfig; name = "Pods-QiitaAdventCalendar.debug.xcconfig"; path = "Pods/Target Support Files/Pods-QiitaAdventCalendar/Pods-QiitaAdventCalendar.debug.xcconfig"; sourceTree = "<group>"; };
		4305512E1C2FE88300F4B065 /* EntryListTableViewCell.swift */ = {isa = PBXFileReference; fileEncoding = 4; lastKnownFileType = sourcecode.swift; path = EntryListTableViewCell.swift; sourceTree = "<group>"; };
		4305512F1C2FE88300F4B065 /* EntryListTableViewCell.xib */ = {isa = PBXFileReference; fileEncoding = 4; lastKnownFileType = file.xib; path = EntryListTableViewCell.xib; sourceTree = "<group>"; };
		4354B14F1C2EB0D800A6E1C2 /* QiitaAdventCalendar.app */ = {isa = PBXFileReference; explicitFileType = wrapper.application; includeInIndex = 0; path = QiitaAdventCalendar.app; sourceTree = BUILT_PRODUCTS_DIR; };
		4354B1521C2EB0D800A6E1C2 /* AppDelegate.swift */ = {isa = PBXFileReference; lastKnownFileType = sourcecode.swift; path = AppDelegate.swift; sourceTree = "<group>"; };
		4354B1571C2EB0D800A6E1C2 /* Base */ = {isa = PBXFileReference; lastKnownFileType = file.storyboard; name = Base; path = Base.lproj/Main.storyboard; sourceTree = "<group>"; };
		4354B1591C2EB0D800A6E1C2 /* Assets.xcassets */ = {isa = PBXFileReference; lastKnownFileType = folder.assetcatalog; path = Assets.xcassets; sourceTree = "<group>"; };
		4354B15C1C2EB0D800A6E1C2 /* Base */ = {isa = PBXFileReference; lastKnownFileType = file.storyboard; name = Base; path = Base.lproj/LaunchScreen.storyboard; sourceTree = "<group>"; };
		4354B15E1C2EB0D800A6E1C2 /* Info.plist */ = {isa = PBXFileReference; lastKnownFileType = text.plist.xml; path = Info.plist; sourceTree = "<group>"; };
		437705751C2EB5F700E32781 /* CategoryEntity.swift */ = {isa = PBXFileReference; fileEncoding = 4; lastKnownFileType = sourcecode.swift; path = CategoryEntity.swift; sourceTree = "<group>"; };
		437705771C2EB68E00E32781 /* CalendarEntity.swift */ = {isa = PBXFileReference; fileEncoding = 4; lastKnownFileType = sourcecode.swift; path = CalendarEntity.swift; sourceTree = "<group>"; };
		437705791C2EBA6900E32781 /* EntryEntity.swift */ = {isa = PBXFileReference; fileEncoding = 4; lastKnownFileType = sourcecode.swift; path = EntryEntity.swift; sourceTree = "<group>"; };
		4377057B1C2EBD8400E32781 /* CategoryFetcher.swift */ = {isa = PBXFileReference; fileEncoding = 4; lastKnownFileType = sourcecode.swift; path = CategoryFetcher.swift; sourceTree = "<group>"; };
		437705811C2EC03600E32781 /* QiitaAdventCalendarTests.xctest */ = {isa = PBXFileReference; explicitFileType = wrapper.cfbundle; includeInIndex = 0; path = QiitaAdventCalendarTests.xctest; sourceTree = BUILT_PRODUCTS_DIR; };
		437705851C2EC03600E32781 /* Info.plist */ = {isa = PBXFileReference; lastKnownFileType = text.plist.xml; path = Info.plist; sourceTree = "<group>"; };
		4377058B1C2EC07700E32781 /* CategoryFetcherTests.swift */ = {isa = PBXFileReference; fileEncoding = 4; lastKnownFileType = sourcecode.swift; path = CategoryFetcherTests.swift; sourceTree = "<group>"; };
		4377058D1C2ED26900E32781 /* CalendarFetcher.swift */ = {isa = PBXFileReference; fileEncoding = 4; lastKnownFileType = sourcecode.swift; path = CalendarFetcher.swift; sourceTree = "<group>"; };
		437705911C2EDC3100E32781 /* CalendarFetcherTests.swift */ = {isa = PBXFileReference; fileEncoding = 4; lastKnownFileType = sourcecode.swift; path = CalendarFetcherTests.swift; sourceTree = "<group>"; };
		437705931C2EEC3000E32781 /* EntryFetcher.swift */ = {isa = PBXFileReference; fileEncoding = 4; lastKnownFileType = sourcecode.swift; path = EntryFetcher.swift; sourceTree = "<group>"; };
		437705951C2EECF300E32781 /* EntryFetcherTests.swift */ = {isa = PBXFileReference; fileEncoding = 4; lastKnownFileType = sourcecode.swift; path = EntryFetcherTests.swift; sourceTree = "<group>"; };
		437705971C2F073B00E32781 /* CategoryViewController.swift */ = {isa = PBXFileReference; fileEncoding = 4; lastKnownFileType = sourcecode.swift; path = CategoryViewController.swift; sourceTree = "<group>"; };
		437705991C2F0B1E00E32781 /* CalendarViewController.swift */ = {isa = PBXFileReference; fileEncoding = 4; lastKnownFileType = sourcecode.swift; path = CalendarViewController.swift; sourceTree = "<group>"; };
		4377059B1C2F0B4700E32781 /* EntryListViewController.swift */ = {isa = PBXFileReference; fileEncoding = 4; lastKnownFileType = sourcecode.swift; path = EntryListViewController.swift; sourceTree = "<group>"; };
		4377059D1C2F14E200E32781 /* EntryWebViewController.swift */ = {isa = PBXFileReference; fileEncoding = 4; lastKnownFileType = sourcecode.swift; path = EntryWebViewController.swift; sourceTree = "<group>"; };
		4377059F1C2F927C00E32781 /* YearSelectViewController.swift */ = {isa = PBXFileReference; fileEncoding = 4; lastKnownFileType = sourcecode.swift; path = YearSelectViewController.swift; sourceTree = "<group>"; };
		437705A11C2F961600E32781 /* YearFetcher.swift */ = {isa = PBXFileReference; fileEncoding = 4; lastKnownFileType = sourcecode.swift; path = YearFetcher.swift; sourceTree = "<group>"; };
		6020B45FC55183EE8B406840 /* Pods-QiitaAdventCalendar.release.xcconfig */ = {isa = PBXFileReference; includeInIndex = 1; lastKnownFileType = text.xcconfig; name = "Pods-QiitaAdventCalendar.release.xcconfig"; path = "Pods/Target Support Files/Pods-QiitaAdventCalendar/Pods-QiitaAdventCalendar.release.xcconfig"; sourceTree = "<group>"; };
		6D090C8D7C27D9EA9B4592CE /* Pods_QiitaAdventCalendar.framework */ = {isa = PBXFileReference; explicitFileType = wrapper.framework; includeInIndex = 0; path = Pods_QiitaAdventCalendar.framework; sourceTree = BUILT_PRODUCTS_DIR; };
		823097691F08CAC60081E16A /* YearListTableViewCell.swift */ = {isa = PBXFileReference; fileEncoding = 4; lastKnownFileType = sourcecode.swift; path = YearListTableViewCell.swift; sourceTree = "<group>"; };
		8230976A1F08CAC60081E16A /* YearListTableViewCell.xib */ = {isa = PBXFileReference; fileEncoding = 4; lastKnownFileType = file.xib; path = YearListTableViewCell.xib; sourceTree = "<group>"; };
		82EA6C0C1F0894A8008A5DA7 /* YearManagerTests.swift */ = {isa = PBXFileReference; fileEncoding = 4; lastKnownFileType = sourcecode.swift; path = YearManagerTests.swift; sourceTree = "<group>"; };
		82EA6C101F08A425008A5DA7 /* YearEntity.swift */ = {isa = PBXFileReference; fileEncoding = 4; lastKnownFileType = sourcecode.swift; path = YearEntity.swift; sourceTree = "<group>"; };
/* End PBXFileReference section */

/* Begin PBXFrameworksBuildPhase section */
		4354B14C1C2EB0D800A6E1C2 /* Frameworks */ = {
			isa = PBXFrameworksBuildPhase;
			buildActionMask = 2147483647;
			files = (
				661898533B540A1E76C9BAF0 /* Pods_QiitaAdventCalendar.framework in Frameworks */,
			);
			runOnlyForDeploymentPostprocessing = 0;
		};
		4377057E1C2EC03600E32781 /* Frameworks */ = {
			isa = PBXFrameworksBuildPhase;
			buildActionMask = 2147483647;
			files = (
			);
			runOnlyForDeploymentPostprocessing = 0;
		};
/* End PBXFrameworksBuildPhase section */

/* Begin PBXGroup section */
		2B932FCC9294F079D346F74A /* Pods */ = {
			isa = PBXGroup;
			children = (
				1362181DA43F7A1979E986A6 /* Pods-QiitaAdventCalendar.debug.xcconfig */,
				6020B45FC55183EE8B406840 /* Pods-QiitaAdventCalendar.release.xcconfig */,
			);
			name = Pods;
			sourceTree = "<group>";
		};
		4354B1461C2EB0D800A6E1C2 = {
			isa = PBXGroup;
			children = (
				4354B1511C2EB0D800A6E1C2 /* QiitaAdventCalendar */,
				437705821C2EC03600E32781 /* QiitaAdventCalendarTests */,
				F838398B7B8035D2F10F30C0 /* Frameworks */,
				2B932FCC9294F079D346F74A /* Pods */,
				4354B1501C2EB0D800A6E1C2 /* Products */,
			);
			sourceTree = "<group>";
		};
		4354B1501C2EB0D800A6E1C2 /* Products */ = {
			isa = PBXGroup;
			children = (
				4354B14F1C2EB0D800A6E1C2 /* QiitaAdventCalendar.app */,
				437705811C2EC03600E32781 /* QiitaAdventCalendarTests.xctest */,
			);
			name = Products;
			sourceTree = "<group>";
		};
		4354B1511C2EB0D800A6E1C2 /* QiitaAdventCalendar */ = {
			isa = PBXGroup;
			children = (
				4377056E1C2EB45A00E32781 /* Classes */,
				4354B1521C2EB0D800A6E1C2 /* AppDelegate.swift */,
				4354B1591C2EB0D800A6E1C2 /* Assets.xcassets */,
				4354B15E1C2EB0D800A6E1C2 /* Info.plist */,
			);
			path = QiitaAdventCalendar;
			sourceTree = "<group>";
		};
		4377056E1C2EB45A00E32781 /* Classes */ = {
			isa = PBXGroup;
			children = (
				437705711C2EB4B800E32781 /* Controllers */,
				4377056F1C2EB4AB00E32781 /* Models */,
				437705701C2EB4B200E32781 /* Views */,
			);
			path = Classes;
			sourceTree = "<group>";
		};
		4377056F1C2EB4AB00E32781 /* Models */ = {
			isa = PBXGroup;
			children = (
				437705721C2EB4D300E32781 /* Entities */,
				4377058D1C2ED26900E32781 /* CalendarFetcher.swift */,
				4377057B1C2EBD8400E32781 /* CategoryFetcher.swift */,
				437705931C2EEC3000E32781 /* EntryFetcher.swift */,
				437705A11C2F961600E32781 /* YearFetcher.swift */,
			);
			path = Models;
			sourceTree = "<group>";
		};
		437705701C2EB4B200E32781 /* Views */ = {
			isa = PBXGroup;
			children = (
				4305512E1C2FE88300F4B065 /* EntryListTableViewCell.swift */,
				4305512F1C2FE88300F4B065 /* EntryListTableViewCell.xib */,
				4354B15B1C2EB0D800A6E1C2 /* LaunchScreen.storyboard */,
				4354B1561C2EB0D800A6E1C2 /* Main.storyboard */,
				823097691F08CAC60081E16A /* YearListTableViewCell.swift */,
				8230976A1F08CAC60081E16A /* YearListTableViewCell.xib */,
			);
			path = Views;
			sourceTree = "<group>";
		};
		437705711C2EB4B800E32781 /* Controllers */ = {
			isa = PBXGroup;
			children = (
				437705991C2F0B1E00E32781 /* CalendarViewController.swift */,
				437705971C2F073B00E32781 /* CategoryViewController.swift */,
				4377059B1C2F0B4700E32781 /* EntryListViewController.swift */,
				4377059D1C2F14E200E32781 /* EntryWebViewController.swift */,
				4377059F1C2F927C00E32781 /* YearSelectViewController.swift */,
			);
			path = Controllers;
			sourceTree = "<group>";
		};
		437705721C2EB4D300E32781 /* Entities */ = {
			isa = PBXGroup;
			children = (
				437705771C2EB68E00E32781 /* CalendarEntity.swift */,
				437705751C2EB5F700E32781 /* CategoryEntity.swift */,
				437705791C2EBA6900E32781 /* EntryEntity.swift */,
				82EA6C101F08A425008A5DA7 /* YearEntity.swift */,
			);
			path = Entities;
			sourceTree = "<group>";
		};
		437705821C2EC03600E32781 /* QiitaAdventCalendarTests */ = {
			isa = PBXGroup;
			children = (
				437705911C2EDC3100E32781 /* CalendarFetcherTests.swift */,
				4377058B1C2EC07700E32781 /* CategoryFetcherTests.swift */,
				437705951C2EECF300E32781 /* EntryFetcherTests.swift */,
				437705851C2EC03600E32781 /* Info.plist */,
				82EA6C0C1F0894A8008A5DA7 /* YearManagerTests.swift */,
			);
			path = QiitaAdventCalendarTests;
			sourceTree = "<group>";
		};
		F838398B7B8035D2F10F30C0 /* Frameworks */ = {
			isa = PBXGroup;
			children = (
				6D090C8D7C27D9EA9B4592CE /* Pods_QiitaAdventCalendar.framework */,
			);
			name = Frameworks;
			sourceTree = "<group>";
		};
/* End PBXGroup section */

/* Begin PBXNativeTarget section */
		4354B14E1C2EB0D800A6E1C2 /* QiitaAdventCalendar */ = {
			isa = PBXNativeTarget;
			buildConfigurationList = 4354B1611C2EB0D800A6E1C2 /* Build configuration list for PBXNativeTarget "QiitaAdventCalendar" */;
			buildPhases = (
				37739967A27E023D91D96B46 /* [CP] Check Pods Manifest.lock */,
				4354B14B1C2EB0D800A6E1C2 /* Sources */,
				4354B14C1C2EB0D800A6E1C2 /* Frameworks */,
				4354B14D1C2EB0D800A6E1C2 /* Resources */,
				993957063AA62337DC99CBDB /* [CP] Embed Pods Frameworks */,
				06E7A9803A357810B841FDE7 /* [CP] Copy Pods Resources */,
			);
			buildRules = (
			);
			dependencies = (
			);
			name = QiitaAdventCalendar;
			productName = QiitaAdventCalendar;
			productReference = 4354B14F1C2EB0D800A6E1C2 /* QiitaAdventCalendar.app */;
			productType = "com.apple.product-type.application";
		};
		437705801C2EC03600E32781 /* QiitaAdventCalendarTests */ = {
			isa = PBXNativeTarget;
			buildConfigurationList = 437705881C2EC03600E32781 /* Build configuration list for PBXNativeTarget "QiitaAdventCalendarTests" */;
			buildPhases = (
				4377057D1C2EC03600E32781 /* Sources */,
				4377057E1C2EC03600E32781 /* Frameworks */,
				4377057F1C2EC03600E32781 /* Resources */,
			);
			buildRules = (
			);
			dependencies = (
				437705871C2EC03600E32781 /* PBXTargetDependency */,
			);
			name = QiitaAdventCalendarTests;
			productName = QiitaAdventCalendarTests;
			productReference = 437705811C2EC03600E32781 /* QiitaAdventCalendarTests.xctest */;
			productType = "com.apple.product-type.bundle.unit-test";
		};
/* End PBXNativeTarget section */

/* Begin PBXProject section */
		4354B1471C2EB0D800A6E1C2 /* Project object */ = {
			isa = PBXProject;
			attributes = {
				LastSwiftUpdateCheck = 0720;
				LastUpgradeCheck = 0940;
				ORGANIZATIONNAME = bs;
				TargetAttributes = {
					4354B14E1C2EB0D800A6E1C2 = {
						CreatedOnToolsVersion = 7.2;
						DevelopmentTeam = 234G69CT2G;
						LastSwiftMigration = 0900;
						ProvisioningStyle = Manual;
					};
					437705801C2EC03600E32781 = {
						CreatedOnToolsVersion = 7.2;
						DevelopmentTeam = 234G69CT2G;
						LastSwiftMigration = 0900;
						ProvisioningStyle = Manual;
						TestTargetID = 4354B14E1C2EB0D800A6E1C2;
					};
				};
			};
			buildConfigurationList = 4354B14A1C2EB0D800A6E1C2 /* Build configuration list for PBXProject "QiitaAdventCalendar" */;
			compatibilityVersion = "Xcode 3.2";
			developmentRegion = English;
			hasScannedForEncodings = 0;
			knownRegions = (
				en,
				Base,
			);
			mainGroup = 4354B1461C2EB0D800A6E1C2;
			productRefGroup = 4354B1501C2EB0D800A6E1C2 /* Products */;
			projectDirPath = "";
			projectRoot = "";
			targets = (
				4354B14E1C2EB0D800A6E1C2 /* QiitaAdventCalendar */,
				437705801C2EC03600E32781 /* QiitaAdventCalendarTests */,
			);
		};
/* End PBXProject section */

/* Begin PBXResourcesBuildPhase section */
		4354B14D1C2EB0D800A6E1C2 /* Resources */ = {
			isa = PBXResourcesBuildPhase;
			buildActionMask = 2147483647;
			files = (
				430551311C2FE88300F4B065 /* EntryListTableViewCell.xib in Resources */,
				8230976C1F08CAC60081E16A /* YearListTableViewCell.xib in Resources */,
				4354B15D1C2EB0D800A6E1C2 /* LaunchScreen.storyboard in Resources */,
				4354B15A1C2EB0D800A6E1C2 /* Assets.xcassets in Resources */,
				4354B1581C2EB0D800A6E1C2 /* Main.storyboard in Resources */,
			);
			runOnlyForDeploymentPostprocessing = 0;
		};
		4377057F1C2EC03600E32781 /* Resources */ = {
			isa = PBXResourcesBuildPhase;
			buildActionMask = 2147483647;
			files = (
			);
			runOnlyForDeploymentPostprocessing = 0;
		};
/* End PBXResourcesBuildPhase section */

/* Begin PBXShellScriptBuildPhase section */
		06E7A9803A357810B841FDE7 /* [CP] Copy Pods Resources */ = {
			isa = PBXShellScriptBuildPhase;
			buildActionMask = 2147483647;
			files = (
			);
			inputPaths = (
			);
			name = "[CP] Copy Pods Resources";
			outputPaths = (
			);
			runOnlyForDeploymentPostprocessing = 0;
			shellPath = /bin/sh;
			shellScript = "\"${SRCROOT}/Pods/Target Support Files/Pods-QiitaAdventCalendar/Pods-QiitaAdventCalendar-resources.sh\"\n";
			showEnvVarsInLog = 0;
		};
		37739967A27E023D91D96B46 /* [CP] Check Pods Manifest.lock */ = {
			isa = PBXShellScriptBuildPhase;
			buildActionMask = 2147483647;
			files = (
			);
			inputPaths = (
				"${PODS_PODFILE_DIR_PATH}/Podfile.lock",
				"${PODS_ROOT}/Manifest.lock",
			);
			name = "[CP] Check Pods Manifest.lock";
			outputPaths = (
				"$(DERIVED_FILE_DIR)/Pods-QiitaAdventCalendar-checkManifestLockResult.txt",
			);
			runOnlyForDeploymentPostprocessing = 0;
			shellPath = /bin/sh;
			shellScript = "diff \"${PODS_PODFILE_DIR_PATH}/Podfile.lock\" \"${PODS_ROOT}/Manifest.lock\" > /dev/null\nif [ $? != 0 ] ; then\n    # print error to STDERR\n    echo \"error: The sandbox is not in sync with the Podfile.lock. Run 'pod install' or update your CocoaPods installation.\" >&2\n    exit 1\nfi\n# This output is used by Xcode 'outputs' to avoid re-running this script phase.\necho \"SUCCESS\" > \"${SCRIPT_OUTPUT_FILE_0}\"\n";
			showEnvVarsInLog = 0;
		};
		993957063AA62337DC99CBDB /* [CP] Embed Pods Frameworks */ = {
			isa = PBXShellScriptBuildPhase;
			buildActionMask = 2147483647;
			files = (
			);
			inputPaths = (
				"${SRCROOT}/Pods/Target Support Files/Pods-QiitaAdventCalendar/Pods-QiitaAdventCalendar-frameworks.sh",
				"${BUILT_PRODUCTS_DIR}/Ji/Ji.framework",
				"${BUILT_PRODUCTS_DIR}/Kingfisher/Kingfisher.framework",
			);
			name = "[CP] Embed Pods Frameworks";
			outputPaths = (
				"${TARGET_BUILD_DIR}/${FRAMEWORKS_FOLDER_PATH}/Ji.framework",
				"${TARGET_BUILD_DIR}/${FRAMEWORKS_FOLDER_PATH}/Kingfisher.framework",
			);
			runOnlyForDeploymentPostprocessing = 0;
			shellPath = /bin/sh;
			shellScript = "\"${SRCROOT}/Pods/Target Support Files/Pods-QiitaAdventCalendar/Pods-QiitaAdventCalendar-frameworks.sh\"\n";
			showEnvVarsInLog = 0;
		};
/* End PBXShellScriptBuildPhase section */

/* Begin PBXSourcesBuildPhase section */
		4354B14B1C2EB0D800A6E1C2 /* Sources */ = {
			isa = PBXSourcesBuildPhase;
			buildActionMask = 2147483647;
			files = (
				4377058E1C2ED26900E32781 /* CalendarFetcher.swift in Sources */,
				4377059A1C2F0B1E00E32781 /* CalendarViewController.swift in Sources */,
				4377057A1C2EBA6900E32781 /* EntryEntity.swift in Sources */,
				82EA6C111F08A425008A5DA7 /* YearEntity.swift in Sources */,
				437705941C2EEC3000E32781 /* EntryFetcher.swift in Sources */,
				4377059E1C2F14E200E32781 /* EntryWebViewController.swift in Sources */,
				8230976B1F08CAC60081E16A /* YearListTableViewCell.swift in Sources */,
				437705761C2EB5F700E32781 /* CategoryEntity.swift in Sources */,
				430551301C2FE88300F4B065 /* EntryListTableViewCell.swift in Sources */,
				437705A21C2F961600E32781 /* YearFetcher.swift in Sources */,
				437705781C2EB68E00E32781 /* CalendarEntity.swift in Sources */,
				4354B1531C2EB0D800A6E1C2 /* AppDelegate.swift in Sources */,
				437705981C2F073B00E32781 /* CategoryViewController.swift in Sources */,
				437705A01C2F927C00E32781 /* YearSelectViewController.swift in Sources */,
				4377057C1C2EBD8400E32781 /* CategoryFetcher.swift in Sources */,
				4377059C1C2F0B4700E32781 /* EntryListViewController.swift in Sources */,
			);
			runOnlyForDeploymentPostprocessing = 0;
		};
		4377057D1C2EC03600E32781 /* Sources */ = {
			isa = PBXSourcesBuildPhase;
			buildActionMask = 2147483647;
			files = (
				82EA6C0D1F0894A8008A5DA7 /* YearManagerTests.swift in Sources */,
				437705921C2EDC3100E32781 /* CalendarFetcherTests.swift in Sources */,
				4377058C1C2EC07700E32781 /* CategoryFetcherTests.swift in Sources */,
				437705961C2EECF300E32781 /* EntryFetcherTests.swift in Sources */,
			);
			runOnlyForDeploymentPostprocessing = 0;
		};
/* End PBXSourcesBuildPhase section */

/* Begin PBXTargetDependency section */
		437705871C2EC03600E32781 /* PBXTargetDependency */ = {
			isa = PBXTargetDependency;
			target = 4354B14E1C2EB0D800A6E1C2 /* QiitaAdventCalendar */;
			targetProxy = 437705861C2EC03600E32781 /* PBXContainerItemProxy */;
		};
/* End PBXTargetDependency section */

/* Begin PBXVariantGroup section */
		4354B1561C2EB0D800A6E1C2 /* Main.storyboard */ = {
			isa = PBXVariantGroup;
			children = (
				4354B1571C2EB0D800A6E1C2 /* Base */,
			);
			name = Main.storyboard;
			path = .;
			sourceTree = "<group>";
		};
		4354B15B1C2EB0D800A6E1C2 /* LaunchScreen.storyboard */ = {
			isa = PBXVariantGroup;
			children = (
				4354B15C1C2EB0D800A6E1C2 /* Base */,
			);
			name = LaunchScreen.storyboard;
			path = .;
			sourceTree = "<group>";
		};
/* End PBXVariantGroup section */

/* Begin XCBuildConfiguration section */
		4354B15F1C2EB0D800A6E1C2 /* Debug */ = {
			isa = XCBuildConfiguration;
			buildSettings = {
				ALWAYS_SEARCH_USER_PATHS = NO;
				CLANG_CXX_LANGUAGE_STANDARD = "gnu++0x";
				CLANG_CXX_LIBRARY = "libc++";
				CLANG_ENABLE_MODULES = YES;
				CLANG_ENABLE_OBJC_ARC = YES;
				CLANG_WARN_BLOCK_CAPTURE_AUTORELEASING = YES;
				CLANG_WARN_BOOL_CONVERSION = YES;
				CLANG_WARN_COMMA = YES;
				CLANG_WARN_CONSTANT_CONVERSION = YES;
				CLANG_WARN_DEPRECATED_OBJC_IMPLEMENTATIONS = YES;
				CLANG_WARN_DIRECT_OBJC_ISA_USAGE = YES_ERROR;
				CLANG_WARN_EMPTY_BODY = YES;
				CLANG_WARN_ENUM_CONVERSION = YES;
				CLANG_WARN_INFINITE_RECURSION = YES;
				CLANG_WARN_INT_CONVERSION = YES;
				CLANG_WARN_NON_LITERAL_NULL_CONVERSION = YES;
				CLANG_WARN_OBJC_IMPLICIT_RETAIN_SELF = YES;
				CLANG_WARN_OBJC_LITERAL_CONVERSION = YES;
				CLANG_WARN_OBJC_ROOT_CLASS = YES_ERROR;
				CLANG_WARN_RANGE_LOOP_ANALYSIS = YES;
				CLANG_WARN_STRICT_PROTOTYPES = YES;
				CLANG_WARN_SUSPICIOUS_MOVE = YES;
				CLANG_WARN_UNREACHABLE_CODE = YES;
				CLANG_WARN__DUPLICATE_METHOD_MATCH = YES;
				"CODE_SIGN_IDENTITY[sdk=iphoneos*]" = "iPhone Developer";
				COPY_PHASE_STRIP = NO;
				DEBUG_INFORMATION_FORMAT = dwarf;
				ENABLE_STRICT_OBJC_MSGSEND = YES;
				ENABLE_TESTABILITY = YES;
				GCC_C_LANGUAGE_STANDARD = gnu99;
				GCC_DYNAMIC_NO_PIC = NO;
				GCC_NO_COMMON_BLOCKS = YES;
				GCC_OPTIMIZATION_LEVEL = 0;
				GCC_PREPROCESSOR_DEFINITIONS = (
					"DEBUG=1",
					"$(inherited)",
				);
				GCC_WARN_64_TO_32_BIT_CONVERSION = YES;
				GCC_WARN_ABOUT_RETURN_TYPE = YES_ERROR;
				GCC_WARN_UNDECLARED_SELECTOR = YES;
				GCC_WARN_UNINITIALIZED_AUTOS = YES_AGGRESSIVE;
				GCC_WARN_UNUSED_FUNCTION = YES;
				GCC_WARN_UNUSED_VARIABLE = YES;
				IPHONEOS_DEPLOYMENT_TARGET = 9.0;
				MTL_ENABLE_DEBUG_INFO = YES;
				ONLY_ACTIVE_ARCH = YES;
				SDKROOT = iphoneos;
				SWIFT_OPTIMIZATION_LEVEL = "-Onone";
				TARGETED_DEVICE_FAMILY = "1,2";
			};
			name = Debug;
		};
		4354B1601C2EB0D800A6E1C2 /* Release */ = {
			isa = XCBuildConfiguration;
			buildSettings = {
				ALWAYS_SEARCH_USER_PATHS = NO;
				CLANG_CXX_LANGUAGE_STANDARD = "gnu++0x";
				CLANG_CXX_LIBRARY = "libc++";
				CLANG_ENABLE_MODULES = YES;
				CLANG_ENABLE_OBJC_ARC = YES;
				CLANG_WARN_BLOCK_CAPTURE_AUTORELEASING = YES;
				CLANG_WARN_BOOL_CONVERSION = YES;
				CLANG_WARN_COMMA = YES;
				CLANG_WARN_CONSTANT_CONVERSION = YES;
				CLANG_WARN_DEPRECATED_OBJC_IMPLEMENTATIONS = YES;
				CLANG_WARN_DIRECT_OBJC_ISA_USAGE = YES_ERROR;
				CLANG_WARN_EMPTY_BODY = YES;
				CLANG_WARN_ENUM_CONVERSION = YES;
				CLANG_WARN_INFINITE_RECURSION = YES;
				CLANG_WARN_INT_CONVERSION = YES;
				CLANG_WARN_NON_LITERAL_NULL_CONVERSION = YES;
				CLANG_WARN_OBJC_IMPLICIT_RETAIN_SELF = YES;
				CLANG_WARN_OBJC_LITERAL_CONVERSION = YES;
				CLANG_WARN_OBJC_ROOT_CLASS = YES_ERROR;
				CLANG_WARN_RANGE_LOOP_ANALYSIS = YES;
				CLANG_WARN_STRICT_PROTOTYPES = YES;
				CLANG_WARN_SUSPICIOUS_MOVE = YES;
				CLANG_WARN_UNREACHABLE_CODE = YES;
				CLANG_WARN__DUPLICATE_METHOD_MATCH = YES;
				"CODE_SIGN_IDENTITY[sdk=iphoneos*]" = "iPhone Developer";
				COPY_PHASE_STRIP = NO;
				DEBUG_INFORMATION_FORMAT = "dwarf-with-dsym";
				ENABLE_NS_ASSERTIONS = NO;
				ENABLE_STRICT_OBJC_MSGSEND = YES;
				GCC_C_LANGUAGE_STANDARD = gnu99;
				GCC_NO_COMMON_BLOCKS = YES;
				GCC_WARN_64_TO_32_BIT_CONVERSION = YES;
				GCC_WARN_ABOUT_RETURN_TYPE = YES_ERROR;
				GCC_WARN_UNDECLARED_SELECTOR = YES;
				GCC_WARN_UNINITIALIZED_AUTOS = YES_AGGRESSIVE;
				GCC_WARN_UNUSED_FUNCTION = YES;
				GCC_WARN_UNUSED_VARIABLE = YES;
				IPHONEOS_DEPLOYMENT_TARGET = 9.0;
				MTL_ENABLE_DEBUG_INFO = NO;
				SDKROOT = iphoneos;
				SWIFT_OPTIMIZATION_LEVEL = "-Owholemodule";
				TARGETED_DEVICE_FAMILY = "1,2";
				VALIDATE_PRODUCT = YES;
			};
			name = Release;
		};
		4354B1621C2EB0D800A6E1C2 /* Debug */ = {
			isa = XCBuildConfiguration;
			baseConfigurationReference = 1362181DA43F7A1979E986A6 /* Pods-QiitaAdventCalendar.debug.xcconfig */;
			buildSettings = {
				ASSETCATALOG_COMPILER_APPICON_NAME = AppIcon;
				CODE_SIGN_IDENTITY = "iPhone Developer";
				CODE_SIGN_STYLE = Manual;
				DEVELOPMENT_TEAM = 234G69CT2G;
				INFOPLIST_FILE = QiitaAdventCalendar/Info.plist;
				LD_RUNPATH_SEARCH_PATHS = "$(inherited) @executable_path/Frameworks";
				PRODUCT_BUNDLE_IDENTIFIER = cc.jugem.mego.QiitaAdventCalendar;
				PRODUCT_NAME = "$(TARGET_NAME)";
				PROVISIONING_PROFILE = "ec32d8ca-cc7a-4db1-b9dc-cafd342ea49b";
				PROVISIONING_PROFILE_SPECIFIER = "match Development cc.jugem.mego.QiitaAdventCalendar";
				SWIFT_VERSION = 4.0;
			};
			name = Debug;
		};
		4354B1631C2EB0D800A6E1C2 /* Release */ = {
			isa = XCBuildConfiguration;
			baseConfigurationReference = 6020B45FC55183EE8B406840 /* Pods-QiitaAdventCalendar.release.xcconfig */;
			buildSettings = {
				ASSETCATALOG_COMPILER_APPICON_NAME = AppIcon;
				CODE_SIGN_IDENTITY = "iPhone Distribution";
				CODE_SIGN_STYLE = Manual;
				DEVELOPMENT_TEAM = 234G69CT2G;
				INFOPLIST_FILE = QiitaAdventCalendar/Info.plist;
				LD_RUNPATH_SEARCH_PATHS = "$(inherited) @executable_path/Frameworks";
				PRODUCT_BUNDLE_IDENTIFIER = cc.jugem.mego.QiitaAdventCalendar;
				PRODUCT_NAME = "$(TARGET_NAME)";
				PROVISIONING_PROFILE = "e0d7ce46-b69b-46d1-a85a-4f575817ea21";
				PROVISIONING_PROFILE_SPECIFIER = "match AppStore cc.jugem.mego.QiitaAdventCalendar";
				SWIFT_VERSION = 4.0;
			};
			name = Release;
		};
		437705891C2EC03600E32781 /* Debug */ = {
			isa = XCBuildConfiguration;
			buildSettings = {
				BUNDLE_LOADER = "$(TEST_HOST)";
				CODE_SIGN_STYLE = Manual;
				DEVELOPMENT_TEAM = 234G69CT2G;
				INFOPLIST_FILE = QiitaAdventCalendarTests/Info.plist;
				IPHONEOS_DEPLOYMENT_TARGET = 9.2;
				LD_RUNPATH_SEARCH_PATHS = "$(inherited) @executable_path/Frameworks @loader_path/Frameworks";
				PRODUCT_BUNDLE_IDENTIFIER = cc.jugem.meg.QiitaAdventCalendarTests;
				PRODUCT_NAME = "$(TARGET_NAME)";
				PROVISIONING_PROFILE_SPECIFIER = "";
				SWIFT_VERSION = 4.0;
				TEST_HOST = "$(BUILT_PRODUCTS_DIR)/QiitaAdventCalendar.app/QiitaAdventCalendar";
			};
			name = Debug;
		};
		4377058A1C2EC03600E32781 /* Release */ = {
			isa = XCBuildConfiguration;
			buildSettings = {
				BUNDLE_LOADER = "$(TEST_HOST)";
				CODE_SIGN_STYLE = Manual;
				DEVELOPMENT_TEAM = 234G69CT2G;
				INFOPLIST_FILE = QiitaAdventCalendarTests/Info.plist;
				IPHONEOS_DEPLOYMENT_TARGET = 9.2;
				LD_RUNPATH_SEARCH_PATHS = "$(inherited) @executable_path/Frameworks @loader_path/Frameworks";
				PRODUCT_BUNDLE_IDENTIFIER = cc.jugem.meg.QiitaAdventCalendarTests;
				PRODUCT_NAME = "$(TARGET_NAME)";
				PROVISIONING_PROFILE_SPECIFIER = "";
				SWIFT_VERSION = 4.0;
				TEST_HOST = "$(BUILT_PRODUCTS_DIR)/QiitaAdventCalendar.app/QiitaAdventCalendar";
			};
			name = Release;
		};
/* End XCBuildConfiguration section */

/* Begin XCConfigurationList section */
		4354B14A1C2EB0D800A6E1C2 /* Build configuration list for PBXProject "QiitaAdventCalendar" */ = {
			isa = XCConfigurationList;
			buildConfigurations = (
				4354B15F1C2EB0D800A6E1C2 /* Debug */,
				4354B1601C2EB0D800A6E1C2 /* Release */,
			);
			defaultConfigurationIsVisible = 0;
			defaultConfigurationName = Release;
		};
		4354B1611C2EB0D800A6E1C2 /* Build configuration list for PBXNativeTarget "QiitaAdventCalendar" */ = {
			isa = XCConfigurationList;
			buildConfigurations = (
				4354B1621C2EB0D800A6E1C2 /* Debug */,
				4354B1631C2EB0D800A6E1C2 /* Release */,
			);
			defaultConfigurationIsVisible = 0;
			defaultConfigurationName = Release;
		};
		437705881C2EC03600E32781 /* Build configuration list for PBXNativeTarget "QiitaAdventCalendarTests" */ = {
			isa = XCConfigurationList;
			buildConfigurations = (
				437705891C2EC03600E32781 /* Debug */,
				4377058A1C2EC03600E32781 /* Release */,
			);
			defaultConfigurationIsVisible = 0;
			defaultConfigurationName = Release;
		};
/* End XCConfigurationList section */
	};
	rootObject = 4354B1471C2EB0D800A6E1C2 /* Project object */;
}
