// !$*UTF8*$!
{
	archiveVersion = 1;
	classes = {
	};
	objectVersion = 46;
	objects = {

/* Begin PBXBuildFile section */
		4354B1531C2EB0D800A6E1C2 /* AppDelegate.swift in Sources */ = {isa = PBXBuildFile; fileRef = 4354B1521C2EB0D800A6E1C2 /* AppDelegate.swift */; };
		4354B1551C2EB0D800A6E1C2 /* ViewController.swift in Sources */ = {isa = PBXBuildFile; fileRef = 4354B1541C2EB0D800A6E1C2 /* ViewController.swift */; };
		4354B1581C2EB0D800A6E1C2 /* Main.storyboard in Resources */ = {isa = PBXBuildFile; fileRef = 4354B1561C2EB0D800A6E1C2 /* Main.storyboard */; };
		4354B15A1C2EB0D800A6E1C2 /* Assets.xcassets in Resources */ = {isa = PBXBuildFile; fileRef = 4354B1591C2EB0D800A6E1C2 /* Assets.xcassets */; };
		4354B15D1C2EB0D800A6E1C2 /* LaunchScreen.storyboard in Resources */ = {isa = PBXBuildFile; fileRef = 4354B15B1C2EB0D800A6E1C2 /* LaunchScreen.storyboard */; };
		437705761C2EB5F700E32781 /* CategoryEntity.swift in Sources */ = {isa = PBXBuildFile; fileRef = 437705751C2EB5F700E32781 /* CategoryEntity.swift */; };
		437705781C2EB68E00E32781 /* AdventCalendarEntity.swift in Sources */ = {isa = PBXBuildFile; fileRef = 437705771C2EB68E00E32781 /* AdventCalendarEntity.swift */; };
		4377057A1C2EBA6900E32781 /* AdventCalendarItemEntity.swift in Sources */ = {isa = PBXBuildFile; fileRef = 437705791C2EBA6900E32781 /* AdventCalendarItemEntity.swift */; };
		4377057C1C2EBD8400E32781 /* CategoryManager.swift in Sources */ = {isa = PBXBuildFile; fileRef = 4377057B1C2EBD8400E32781 /* CategoryManager.swift */; };
		4377058C1C2EC07700E32781 /* CategoryManagerTests.swift in Sources */ = {isa = PBXBuildFile; fileRef = 4377058B1C2EC07700E32781 /* CategoryManagerTests.swift */; };
		4377058E1C2ED26900E32781 /* AdventCalendarManager.swift in Sources */ = {isa = PBXBuildFile; fileRef = 4377058D1C2ED26900E32781 /* AdventCalendarManager.swift */; };
		437705921C2EDC3100E32781 /* AdventCalendarManagerTests.swift in Sources */ = {isa = PBXBuildFile; fileRef = 437705911C2EDC3100E32781 /* AdventCalendarManagerTests.swift */; };
		437705941C2EEC3000E32781 /* AdventCalendarItemEntityManager.swift in Sources */ = {isa = PBXBuildFile; fileRef = 437705931C2EEC3000E32781 /* AdventCalendarItemEntityManager.swift */; };
		437705961C2EECF300E32781 /* AdventCalendarItemEntityManagerTests.swift in Sources */ = {isa = PBXBuildFile; fileRef = 437705951C2EECF300E32781 /* AdventCalendarItemEntityManagerTests.swift */; };
		661898533B540A1E76C9BAF0 /* Pods_QiitaAdventCalendar.framework in Frameworks */ = {isa = PBXBuildFile; fileRef = 6D090C8D7C27D9EA9B4592CE /* Pods_QiitaAdventCalendar.framework */; settings = {ATTRIBUTES = (Weak, ); }; };
/* End PBXBuildFile section */

/* Begin PBXContainerItemProxy section */
		437705861C2EC03600E32781 /* PBXContainerItemProxy */ = {
			isa = PBXContainerItemProxy;
			containerPortal = 4354B1471C2EB0D800A6E1C2 /* Project object */;
			proxyType = 1;
			remoteGlobalIDString = 4354B14E1C2EB0D800A6E1C2;
			remoteInfo = QiitaAdventCalendar;
		};
/* End PBXContainerItemProxy section */

/* Begin PBXFileReference section */
		1362181DA43F7A1979E986A6 /* Pods-QiitaAdventCalendar.debug.xcconfig */ = {isa = PBXFileReference; includeInIndex = 1; lastKnownFileType = text.xcconfig; name = "Pods-QiitaAdventCalendar.debug.xcconfig"; path = "Pods/Target Support Files/Pods-QiitaAdventCalendar/Pods-QiitaAdventCalendar.debug.xcconfig"; sourceTree = "<group>"; };
		4354B14F1C2EB0D800A6E1C2 /* QiitaAdventCalendar.app */ = {isa = PBXFileReference; explicitFileType = wrapper.application; includeInIndex = 0; path = QiitaAdventCalendar.app; sourceTree = BUILT_PRODUCTS_DIR; };
		4354B1521C2EB0D800A6E1C2 /* AppDelegate.swift */ = {isa = PBXFileReference; lastKnownFileType = sourcecode.swift; path = AppDelegate.swift; sourceTree = "<group>"; };
		4354B1541C2EB0D800A6E1C2 /* ViewController.swift */ = {isa = PBXFileReference; lastKnownFileType = sourcecode.swift; path = ViewController.swift; sourceTree = "<group>"; };
		4354B1571C2EB0D800A6E1C2 /* Base */ = {isa = PBXFileReference; lastKnownFileType = file.storyboard; name = Base; path = Base.lproj/Main.storyboard; sourceTree = "<group>"; };
		4354B1591C2EB0D800A6E1C2 /* Assets.xcassets */ = {isa = PBXFileReference; lastKnownFileType = folder.assetcatalog; path = Assets.xcassets; sourceTree = "<group>"; };
		4354B15C1C2EB0D800A6E1C2 /* Base */ = {isa = PBXFileReference; lastKnownFileType = file.storyboard; name = Base; path = Base.lproj/LaunchScreen.storyboard; sourceTree = "<group>"; };
		4354B15E1C2EB0D800A6E1C2 /* Info.plist */ = {isa = PBXFileReference; lastKnownFileType = text.plist.xml; path = Info.plist; sourceTree = "<group>"; };
		437705751C2EB5F700E32781 /* CategoryEntity.swift */ = {isa = PBXFileReference; fileEncoding = 4; lastKnownFileType = sourcecode.swift; name = CategoryEntity.swift; path = Classes/Models/Entities/CategoryEntity.swift; sourceTree = "<group>"; };
		437705771C2EB68E00E32781 /* AdventCalendarEntity.swift */ = {isa = PBXFileReference; fileEncoding = 4; lastKnownFileType = sourcecode.swift; name = AdventCalendarEntity.swift; path = Classes/Models/Entities/AdventCalendarEntity.swift; sourceTree = "<group>"; };
		437705791C2EBA6900E32781 /* AdventCalendarItemEntity.swift */ = {isa = PBXFileReference; fileEncoding = 4; lastKnownFileType = sourcecode.swift; name = AdventCalendarItemEntity.swift; path = Classes/Models/Entities/AdventCalendarItemEntity.swift; sourceTree = "<group>"; };
		4377057B1C2EBD8400E32781 /* CategoryManager.swift */ = {isa = PBXFileReference; fileEncoding = 4; lastKnownFileType = sourcecode.swift; name = CategoryManager.swift; path = Classes/Models/CategoryManager.swift; sourceTree = "<group>"; };
		437705811C2EC03600E32781 /* QiitaAdventCalendarTests.xctest */ = {isa = PBXFileReference; explicitFileType = wrapper.cfbundle; includeInIndex = 0; path = QiitaAdventCalendarTests.xctest; sourceTree = BUILT_PRODUCTS_DIR; };
		437705851C2EC03600E32781 /* Info.plist */ = {isa = PBXFileReference; lastKnownFileType = text.plist.xml; path = Info.plist; sourceTree = "<group>"; };
		4377058B1C2EC07700E32781 /* CategoryManagerTests.swift */ = {isa = PBXFileReference; fileEncoding = 4; lastKnownFileType = sourcecode.swift; path = CategoryManagerTests.swift; sourceTree = "<group>"; };
		4377058D1C2ED26900E32781 /* AdventCalendarManager.swift */ = {isa = PBXFileReference; fileEncoding = 4; lastKnownFileType = sourcecode.swift; name = AdventCalendarManager.swift; path = Classes/Models/AdventCalendarManager.swift; sourceTree = "<group>"; };
		437705911C2EDC3100E32781 /* AdventCalendarManagerTests.swift */ = {isa = PBXFileReference; fileEncoding = 4; lastKnownFileType = sourcecode.swift; path = AdventCalendarManagerTests.swift; sourceTree = "<group>"; };
		437705931C2EEC3000E32781 /* AdventCalendarItemEntityManager.swift */ = {isa = PBXFileReference; fileEncoding = 4; lastKnownFileType = sourcecode.swift; name = AdventCalendarItemEntityManager.swift; path = Classes/Models/AdventCalendarItemEntityManager.swift; sourceTree = "<group>"; };
		437705951C2EECF300E32781 /* AdventCalendarItemEntityManagerTests.swift */ = {isa = PBXFileReference; fileEncoding = 4; lastKnownFileType = sourcecode.swift; path = AdventCalendarItemEntityManagerTests.swift; sourceTree = "<group>"; };
		6020B45FC55183EE8B406840 /* Pods-QiitaAdventCalendar.release.xcconfig */ = {isa = PBXFileReference; includeInIndex = 1; lastKnownFileType = text.xcconfig; name = "Pods-QiitaAdventCalendar.release.xcconfig"; path = "Pods/Target Support Files/Pods-QiitaAdventCalendar/Pods-QiitaAdventCalendar.release.xcconfig"; sourceTree = "<group>"; };
		6D090C8D7C27D9EA9B4592CE /* Pods_QiitaAdventCalendar.framework */ = {isa = PBXFileReference; explicitFileType = wrapper.framework; includeInIndex = 0; path = Pods_QiitaAdventCalendar.framework; sourceTree = BUILT_PRODUCTS_DIR; };
/* End PBXFileReference section */

/* Begin PBXFrameworksBuildPhase section */
		4354B14C1C2EB0D800A6E1C2 /* Frameworks */ = {
			isa = PBXFrameworksBuildPhase;
			buildActionMask = 2147483647;
			files = (
				661898533B540A1E76C9BAF0 /* Pods_QiitaAdventCalendar.framework in Frameworks */,
			);
			runOnlyForDeploymentPostprocessing = 0;
		};
		4377057E1C2EC03600E32781 /* Frameworks */ = {
			isa = PBXFrameworksBuildPhase;
			buildActionMask = 2147483647;
			files = (
			);
			runOnlyForDeploymentPostprocessing = 0;
		};
/* End PBXFrameworksBuildPhase section */

/* Begin PBXGroup section */
		2B932FCC9294F079D346F74A /* Pods */ = {
			isa = PBXGroup;
			children = (
				1362181DA43F7A1979E986A6 /* Pods-QiitaAdventCalendar.debug.xcconfig */,
				6020B45FC55183EE8B406840 /* Pods-QiitaAdventCalendar.release.xcconfig */,
			);
			name = Pods;
			sourceTree = "<group>";
		};
		4354B1461C2EB0D800A6E1C2 = {
			isa = PBXGroup;
			children = (
				4354B1511C2EB0D800A6E1C2 /* QiitaAdventCalendar */,
				437705821C2EC03600E32781 /* QiitaAdventCalendarTests */,
				4354B1501C2EB0D800A6E1C2 /* Products */,
				2B932FCC9294F079D346F74A /* Pods */,
				F838398B7B8035D2F10F30C0 /* Frameworks */,
			);
			sourceTree = "<group>";
		};
		4354B1501C2EB0D800A6E1C2 /* Products */ = {
			isa = PBXGroup;
			children = (
				4354B14F1C2EB0D800A6E1C2 /* QiitaAdventCalendar.app */,
				437705811C2EC03600E32781 /* QiitaAdventCalendarTests.xctest */,
			);
			name = Products;
			sourceTree = "<group>";
		};
		4354B1511C2EB0D800A6E1C2 /* QiitaAdventCalendar */ = {
			isa = PBXGroup;
			children = (
				4377056E1C2EB45A00E32781 /* Classes */,
				4354B1521C2EB0D800A6E1C2 /* AppDelegate.swift */,
				4354B1541C2EB0D800A6E1C2 /* ViewController.swift */,
				4354B1561C2EB0D800A6E1C2 /* Main.storyboard */,
				4354B1591C2EB0D800A6E1C2 /* Assets.xcassets */,
				4354B15B1C2EB0D800A6E1C2 /* LaunchScreen.storyboard */,
				4354B15E1C2EB0D800A6E1C2 /* Info.plist */,
			);
			path = QiitaAdventCalendar;
			sourceTree = "<group>";
		};
		4377056E1C2EB45A00E32781 /* Classes */ = {
			isa = PBXGroup;
			children = (
				4377056F1C2EB4AB00E32781 /* Models */,
				437705701C2EB4B200E32781 /* Views */,
				437705711C2EB4B800E32781 /* Controllers */,
			);
			name = Classes;
			sourceTree = "<group>";
		};
		4377056F1C2EB4AB00E32781 /* Models */ = {
			isa = PBXGroup;
			children = (
				437705721C2EB4D300E32781 /* Entities */,
				4377057B1C2EBD8400E32781 /* CategoryManager.swift */,
				4377058D1C2ED26900E32781 /* AdventCalendarManager.swift */,
				437705931C2EEC3000E32781 /* AdventCalendarItemEntityManager.swift */,
			);
			name = Models;
			sourceTree = "<group>";
		};
		437705701C2EB4B200E32781 /* Views */ = {
			isa = PBXGroup;
			children = (
			);
			name = Views;
			sourceTree = "<group>";
		};
		437705711C2EB4B800E32781 /* Controllers */ = {
			isa = PBXGroup;
			children = (
			);
			name = Controllers;
			sourceTree = "<group>";
		};
		437705721C2EB4D300E32781 /* Entities */ = {
			isa = PBXGroup;
			children = (
				437705751C2EB5F700E32781 /* CategoryEntity.swift */,
				437705771C2EB68E00E32781 /* AdventCalendarEntity.swift */,
				437705791C2EBA6900E32781 /* AdventCalendarItemEntity.swift */,
			);
			name = Entities;
			sourceTree = "<group>";
		};
		437705821C2EC03600E32781 /* QiitaAdventCalendarTests */ = {
			isa = PBXGroup;
			children = (
				437705851C2EC03600E32781 /* Info.plist */,
				4377058B1C2EC07700E32781 /* CategoryManagerTests.swift */,
				437705911C2EDC3100E32781 /* AdventCalendarManagerTests.swift */,
				437705951C2EECF300E32781 /* AdventCalendarItemEntityManagerTests.swift */,
			);
			path = QiitaAdventCalendarTests;
			sourceTree = "<group>";
		};
		F838398B7B8035D2F10F30C0 /* Frameworks */ = {
			isa = PBXGroup;
			children = (
				6D090C8D7C27D9EA9B4592CE /* Pods_QiitaAdventCalendar.framework */,
			);
			name = Frameworks;
			sourceTree = "<group>";
		};
/* End PBXGroup section */

/* Begin PBXNativeTarget section */
		4354B14E1C2EB0D800A6E1C2 /* QiitaAdventCalendar */ = {
			isa = PBXNativeTarget;
			buildConfigurationList = 4354B1611C2EB0D800A6E1C2 /* Build configuration list for PBXNativeTarget "QiitaAdventCalendar" */;
			buildPhases = (
				37739967A27E023D91D96B46 /* Check Pods Manifest.lock */,
				4354B14B1C2EB0D800A6E1C2 /* Sources */,
				4354B14C1C2EB0D800A6E1C2 /* Frameworks */,
				4354B14D1C2EB0D800A6E1C2 /* Resources */,
				993957063AA62337DC99CBDB /* Embed Pods Frameworks */,
				06E7A9803A357810B841FDE7 /* Copy Pods Resources */,
			);
			buildRules = (
			);
			dependencies = (
			);
			name = QiitaAdventCalendar;
			productName = QiitaAdventCalendar;
			productReference = 4354B14F1C2EB0D800A6E1C2 /* QiitaAdventCalendar.app */;
			productType = "com.apple.product-type.application";
		};
		437705801C2EC03600E32781 /* QiitaAdventCalendarTests */ = {
			isa = PBXNativeTarget;
			buildConfigurationList = 437705881C2EC03600E32781 /* Build configuration list for PBXNativeTarget "QiitaAdventCalendarTests" */;
			buildPhases = (
				4377057D1C2EC03600E32781 /* Sources */,
				4377057E1C2EC03600E32781 /* Frameworks */,
				4377057F1C2EC03600E32781 /* Resources */,
			);
			buildRules = (
			);
			dependencies = (
				437705871C2EC03600E32781 /* PBXTargetDependency */,
			);
			name = QiitaAdventCalendarTests;
			productName = QiitaAdventCalendarTests;
			productReference = 437705811C2EC03600E32781 /* QiitaAdventCalendarTests.xctest */;
			productType = "com.apple.product-type.bundle.unit-test";
		};
/* End PBXNativeTarget section */

/* Begin PBXProject section */
		4354B1471C2EB0D800A6E1C2 /* Project object */ = {
			isa = PBXProject;
			attributes = {
				LastSwiftUpdateCheck = 0720;
				LastUpgradeCheck = 0720;
				ORGANIZATIONNAME = bs;
				TargetAttributes = {
					4354B14E1C2EB0D800A6E1C2 = {
						CreatedOnToolsVersion = 7.2;
					};
					437705801C2EC03600E32781 = {
						CreatedOnToolsVersion = 7.2;
						TestTargetID = 4354B14E1C2EB0D800A6E1C2;
					};
				};
			};
			buildConfigurationList = 4354B14A1C2EB0D800A6E1C2 /* Build configuration list for PBXProject "QiitaAdventCalendar" */;
			compatibilityVersion = "Xcode 3.2";
			developmentRegion = English;
			hasScannedForEncodings = 0;
			knownRegions = (
				en,
				Base,
			);
			mainGroup = 4354B1461C2EB0D800A6E1C2;
			productRefGroup = 4354B1501C2EB0D800A6E1C2 /* Products */;
			projectDirPath = "";
			projectRoot = "";
			targets = (
				4354B14E1C2EB0D800A6E1C2 /* QiitaAdventCalendar */,
				437705801C2EC03600E32781 /* QiitaAdventCalendarTests */,
			);
		};
/* End PBXProject section */

/* Begin PBXResourcesBuildPhase section */
		4354B14D1C2EB0D800A6E1C2 /* Resources */ = {
			isa = PBXResourcesBuildPhase;
			buildActionMask = 2147483647;
			files = (
				4354B15D1C2EB0D800A6E1C2 /* LaunchScreen.storyboard in Resources */,
				4354B15A1C2EB0D800A6E1C2 /* Assets.xcassets in Resources */,
				4354B1581C2EB0D800A6E1C2 /* Main.storyboard in Resources */,
			);
			runOnlyForDeploymentPostprocessing = 0;
		};
		4377057F1C2EC03600E32781 /* Resources */ = {
			isa = PBXResourcesBuildPhase;
			buildActionMask = 2147483647;
			files = (
			);
			runOnlyForDeploymentPostprocessing = 0;
		};
/* End PBXResourcesBuildPhase section */

/* Begin PBXShellScriptBuildPhase section */
		06E7A9803A357810B841FDE7 /* Copy Pods Resources */ = {
			isa = PBXShellScriptBuildPhase;
			buildActionMask = 2147483647;
			files = (
			);
			inputPaths = (
			);
			name = "Copy Pods Resources";
			outputPaths = (
			);
			runOnlyForDeploymentPostprocessing = 0;
			shellPath = /bin/sh;
			shellScript = "\"${SRCROOT}/Pods/Target Support Files/Pods-QiitaAdventCalendar/Pods-QiitaAdventCalendar-resources.sh\"\n";
			showEnvVarsInLog = 0;
		};
		37739967A27E023D91D96B46 /* Check Pods Manifest.lock */ = {
			isa = PBXShellScriptBuildPhase;
			buildActionMask = 2147483647;
			files = (
			);
			inputPaths = (
			);
			name = "Check Pods Manifest.lock";
			outputPaths = (
			);
			runOnlyForDeploymentPostprocessing = 0;
			shellPath = /bin/sh;
			shellScript = "diff \"${PODS_ROOT}/../Podfile.lock\" \"${PODS_ROOT}/Manifest.lock\" > /dev/null\nif [[ $? != 0 ]] ; then\n    cat << EOM\nerror: The sandbox is not in sync with the Podfile.lock. Run 'pod install' or update your CocoaPods installation.\nEOM\n    exit 1\nfi\n";
			showEnvVarsInLog = 0;
		};
		993957063AA62337DC99CBDB /* Embed Pods Frameworks */ = {
			isa = PBXShellScriptBuildPhase;
			buildActionMask = 2147483647;
			files = (
			);
			inputPaths = (
			);
			name = "Embed Pods Frameworks";
			outputPaths = (
			);
			runOnlyForDeploymentPostprocessing = 0;
			shellPath = /bin/sh;
			shellScript = "\"${SRCROOT}/Pods/Target Support Files/Pods-QiitaAdventCalendar/Pods-QiitaAdventCalendar-frameworks.sh\"\n";
			showEnvVarsInLog = 0;
		};
/* End PBXShellScriptBuildPhase section */

/* Begin PBXSourcesBuildPhase section */
		4354B14B1C2EB0D800A6E1C2 /* Sources */ = {
			isa = PBXSourcesBuildPhase;
			buildActionMask = 2147483647;
			files = (
				4354B1551C2EB0D800A6E1C2 /* ViewController.swift in Sources */,
				4377058E1C2ED26900E32781 /* AdventCalendarManager.swift in Sources */,
				4377057A1C2EBA6900E32781 /* AdventCalendarItemEntity.swift in Sources */,
				437705941C2EEC3000E32781 /* AdventCalendarItemEntityManager.swift in Sources */,
				437705761C2EB5F700E32781 /* CategoryEntity.swift in Sources */,
				437705781C2EB68E00E32781 /* AdventCalendarEntity.swift in Sources */,
				4354B1531C2EB0D800A6E1C2 /* AppDelegate.swift in Sources */,
				4377057C1C2EBD8400E32781 /* CategoryManager.swift in Sources */,
			);
			runOnlyForDeploymentPostprocessing = 0;
		};
		4377057D1C2EC03600E32781 /* Sources */ = {
			isa = PBXSourcesBuildPhase;
			buildActionMask = 2147483647;
			files = (
				437705921C2EDC3100E32781 /* AdventCalendarManagerTests.swift in Sources */,
				4377058C1C2EC07700E32781 /* CategoryManagerTests.swift in Sources */,
				437705961C2EECF300E32781 /* AdventCalendarItemEntityManagerTests.swift in Sources */,
			);
			runOnlyForDeploymentPostprocessing = 0;
		};
/* End PBXSourcesBuildPhase section */

/* Begin PBXTargetDependency section */
		437705871C2EC03600E32781 /* PBXTargetDependency */ = {
			isa = PBXTargetDependency;
			target = 4354B14E1C2EB0D800A6E1C2 /* QiitaAdventCalendar */;
			targetProxy = 437705861C2EC03600E32781 /* PBXContainerItemProxy */;
		};
/* End PBXTargetDependency section */

/* Begin PBXVariantGroup section */
		4354B1561C2EB0D800A6E1C2 /* Main.storyboard */ = {
			isa = PBXVariantGroup;
			children = (
				4354B1571C2EB0D800A6E1C2 /* Base */,
			);
			name = Main.storyboard;
			sourceTree = "<group>";
		};
		4354B15B1C2EB0D800A6E1C2 /* LaunchScreen.storyboard */ = {
			isa = PBXVariantGroup;
			children = (
				4354B15C1C2EB0D800A6E1C2 /* Base */,
			);
			name = LaunchScreen.storyboard;
			sourceTree = "<group>";
		};
/* End PBXVariantGroup section */

/* Begin XCBuildConfiguration section */
		4354B15F1C2EB0D800A6E1C2 /* Debug */ = {
			isa = XCBuildConfiguration;
			buildSettings = {
				ALWAYS_SEARCH_USER_PATHS = NO;
				CLANG_CXX_LANGUAGE_STANDARD = "gnu++0x";
				CLANG_CXX_LIBRARY = "libc++";
				CLANG_ENABLE_MODULES = YES;
				CLANG_ENABLE_OBJC_ARC = YES;
				CLANG_WARN_BOOL_CONVERSION = YES;
				CLANG_WARN_CONSTANT_CONVERSION = YES;
				CLANG_WARN_DIRECT_OBJC_ISA_USAGE = YES_ERROR;
				CLANG_WARN_EMPTY_BODY = YES;
				CLANG_WARN_ENUM_CONVERSION = YES;
				CLANG_WARN_INT_CONVERSION = YES;
				CLANG_WARN_OBJC_ROOT_CLASS = YES_ERROR;
				CLANG_WARN_UNREACHABLE_CODE = YES;
				CLANG_WARN__DUPLICATE_METHOD_MATCH = YES;
				"CODE_SIGN_IDENTITY[sdk=iphoneos*]" = "iPhone Developer";
				COPY_PHASE_STRIP = NO;
				DEBUG_INFORMATION_FORMAT = dwarf;
				ENABLE_STRICT_OBJC_MSGSEND = YES;
				ENABLE_TESTABILITY = YES;
				GCC_C_LANGUAGE_STANDARD = gnu99;
				GCC_DYNAMIC_NO_PIC = NO;
				GCC_NO_COMMON_BLOCKS = YES;
				GCC_OPTIMIZATION_LEVEL = 0;
				GCC_PREPROCESSOR_DEFINITIONS = (
					"DEBUG=1",
					"$(inherited)",
				);
				GCC_WARN_64_TO_32_BIT_CONVERSION = YES;
				GCC_WARN_ABOUT_RETURN_TYPE = YES_ERROR;
				GCC_WARN_UNDECLARED_SELECTOR = YES;
				GCC_WARN_UNINITIALIZED_AUTOS = YES_AGGRESSIVE;
				GCC_WARN_UNUSED_FUNCTION = YES;
				GCC_WARN_UNUSED_VARIABLE = YES;
				IPHONEOS_DEPLOYMENT_TARGET = 8.0;
				MTL_ENABLE_DEBUG_INFO = YES;
				ONLY_ACTIVE_ARCH = YES;
				SDKROOT = iphoneos;
				SWIFT_OPTIMIZATION_LEVEL = "-Onone";
				TARGETED_DEVICE_FAMILY = "1,2";
			};
			name = Debug;
		};
		4354B1601C2EB0D800A6E1C2 /* Release */ = {
			isa = XCBuildConfiguration;
			buildSettings = {
				ALWAYS_SEARCH_USER_PATHS = NO;
				CLANG_CXX_LANGUAGE_STANDARD = "gnu++0x";
				CLANG_CXX_LIBRARY = "libc++";
				CLANG_ENABLE_MODULES = YES;
				CLANG_ENABLE_OBJC_ARC = YES;
				CLANG_WARN_BOOL_CONVERSION = YES;
				CLANG_WARN_CONSTANT_CONVERSION = YES;
				CLANG_WARN_DIRECT_OBJC_ISA_USAGE = YES_ERROR;
				CLANG_WARN_EMPTY_BODY = YES;
				CLANG_WARN_ENUM_CONVERSION = YES;
				CLANG_WARN_INT_CONVERSION = YES;
				CLANG_WARN_OBJC_ROOT_CLASS = YES_ERROR;
				CLANG_WARN_UNREACHABLE_CODE = YES;
				CLANG_WARN__DUPLICATE_METHOD_MATCH = YES;
				"CODE_SIGN_IDENTITY[sdk=iphoneos*]" = "iPhone Developer";
				COPY_PHASE_STRIP = NO;
				DEBUG_INFORMATION_FORMAT = "dwarf-with-dsym";
				ENABLE_NS_ASSERTIONS = NO;
				ENABLE_STRICT_OBJC_MSGSEND = YES;
				GCC_C_LANGUAGE_STANDARD = gnu99;
				GCC_NO_COMMON_BLOCKS = YES;
				GCC_WARN_64_TO_32_BIT_CONVERSION = YES;
				GCC_WARN_ABOUT_RETURN_TYPE = YES_ERROR;
				GCC_WARN_UNDECLARED_SELECTOR = YES;
				GCC_WARN_UNINITIALIZED_AUTOS = YES_AGGRESSIVE;
				GCC_WARN_UNUSED_FUNCTION = YES;
				GCC_WARN_UNUSED_VARIABLE = YES;
				IPHONEOS_DEPLOYMENT_TARGET = 8.0;
				MTL_ENABLE_DEBUG_INFO = NO;
				SDKROOT = iphoneos;
				TARGETED_DEVICE_FAMILY = "1,2";
				VALIDATE_PRODUCT = YES;
			};
			name = Release;
		};
		4354B1621C2EB0D800A6E1C2 /* Debug */ = {
			isa = XCBuildConfiguration;
			baseConfigurationReference = 1362181DA43F7A1979E986A6 /* Pods-QiitaAdventCalendar.debug.xcconfig */;
			buildSettings = {
				ASSETCATALOG_COMPILER_APPICON_NAME = AppIcon;
				INFOPLIST_FILE = QiitaAdventCalendar/Info.plist;
				LD_RUNPATH_SEARCH_PATHS = "$(inherited) @executable_path/Frameworks";
				PRODUCT_BUNDLE_IDENTIFIER = cc.jugem.meg.QiitaAdventCalendar;
				PRODUCT_NAME = "$(TARGET_NAME)";
			};
			name = Debug;
		};
		4354B1631C2EB0D800A6E1C2 /* Release */ = {
			isa = XCBuildConfiguration;
			baseConfigurationReference = 6020B45FC55183EE8B406840 /* Pods-QiitaAdventCalendar.release.xcconfig */;
			buildSettings = {
				ASSETCATALOG_COMPILER_APPICON_NAME = AppIcon;
				INFOPLIST_FILE = QiitaAdventCalendar/Info.plist;
				LD_RUNPATH_SEARCH_PATHS = "$(inherited) @executable_path/Frameworks";
				PRODUCT_BUNDLE_IDENTIFIER = cc.jugem.meg.QiitaAdventCalendar;
				PRODUCT_NAME = "$(TARGET_NAME)";
			};
			name = Release;
		};
		437705891C2EC03600E32781 /* Debug */ = {
			isa = XCBuildConfiguration;
			buildSettings = {
				BUNDLE_LOADER = "$(TEST_HOST)";
				INFOPLIST_FILE = QiitaAdventCalendarTests/Info.plist;
				IPHONEOS_DEPLOYMENT_TARGET = 9.2;
				LD_RUNPATH_SEARCH_PATHS = "$(inherited) @executable_path/Frameworks @loader_path/Frameworks";
				PRODUCT_BUNDLE_IDENTIFIER = cc.jugem.meg.QiitaAdventCalendarTests;
				PRODUCT_NAME = "$(TARGET_NAME)";
				TEST_HOST = "$(BUILT_PRODUCTS_DIR)/QiitaAdventCalendar.app/QiitaAdventCalendar";
			};
			name = Debug;
		};
		4377058A1C2EC03600E32781 /* Release */ = {
			isa = XCBuildConfiguration;
			buildSettings = {
				BUNDLE_LOADER = "$(TEST_HOST)";
				INFOPLIST_FILE = QiitaAdventCalendarTests/Info.plist;
				IPHONEOS_DEPLOYMENT_TARGET = 9.2;
				LD_RUNPATH_SEARCH_PATHS = "$(inherited) @executable_path/Frameworks @loader_path/Frameworks";
				PRODUCT_BUNDLE_IDENTIFIER = cc.jugem.meg.QiitaAdventCalendarTests;
				PRODUCT_NAME = "$(TARGET_NAME)";
				TEST_HOST = "$(BUILT_PRODUCTS_DIR)/QiitaAdventCalendar.app/QiitaAdventCalendar";
			};
			name = Release;
		};
/* End XCBuildConfiguration section */

/* Begin XCConfigurationList section */
		4354B14A1C2EB0D800A6E1C2 /* Build configuration list for PBXProject "QiitaAdventCalendar" */ = {
			isa = XCConfigurationList;
			buildConfigurations = (
				4354B15F1C2EB0D800A6E1C2 /* Debug */,
				4354B1601C2EB0D800A6E1C2 /* Release */,
			);
			defaultConfigurationIsVisible = 0;
			defaultConfigurationName = Release;
		};
		4354B1611C2EB0D800A6E1C2 /* Build configuration list for PBXNativeTarget "QiitaAdventCalendar" */ = {
			isa = XCConfigurationList;
			buildConfigurations = (
				4354B1621C2EB0D800A6E1C2 /* Debug */,
				4354B1631C2EB0D800A6E1C2 /* Release */,
			);
			defaultConfigurationIsVisible = 0;
			defaultConfigurationName = Release;
		};
		437705881C2EC03600E32781 /* Build configuration list for PBXNativeTarget "QiitaAdventCalendarTests" */ = {
			isa = XCConfigurationList;
			buildConfigurations = (
				437705891C2EC03600E32781 /* Debug */,
				4377058A1C2EC03600E32781 /* Release */,
			);
			defaultConfigurationIsVisible = 0;
			defaultConfigurationName = Release;
		};
/* End XCConfigurationList section */
	};
	rootObject = 4354B1471C2EB0D800A6E1C2 /* Project object */;
}
